
PODS:
- ColorArt (0.0.6)
- LARSAdController/Core (3.0.2)
- NSHash (1.0.1)
- Reachability (3.1.0)

DEPENDENCIES:
- ColorArt
- LARSAdController/Core (~> 3.0)
- NSHash
- Reachability (~> 3.1)

SPEC CHECKSUMS:
  ColorArt: 99d744bd228d77f0dd91db2c82bdcbe42d4e1ad1
  LARSAdController/Core: e1315b73aa332b94a0fd21788fcdd630e7242a23
  NSHash: 08e81b655e7d2e3d9b872c192e52f77b76694918
  Reachability: 1c8584c5f26fa776695efef95caaa50402c94cfb

COCOAPODS: 0.16.2
